
Microsoft Visual Studio Solution File, Format Version 12.00
# Visual Studio Version 17
VisualStudioVersion = 17.5.33516.290
MinimumVisualStudioVersion = 10.0.40219.1
Project("{9A19103F-16F7-4668-BE54-9A1E7A4F7556}") = "event-platform", "event-platform.csproj", "{DA15929D-9980-4270-B652-441B14E48C2E}"
EndProject
Project("{9A19103F-16F7-4668-BE54-9A1E7A4F7556}") = "event-platform-backendwinform", "..\event-platform-backendwinform\event-platform-backendwinform.csproj", "{7A226B1D-4DCC-4FC4-9424-10D84316DB93}"
EndProject
Project("{9A19103F-16F7-4668-BE54-9A1E7A4F7556}") = "event-platform-classLibrary", "..\event-platform-classLibrary\event-platform-classLibrary.csproj", "{6E99814E-BDA5-4338-B6D2-4451C47633DD}"
EndProject
Project("{9A19103F-16F7-4668-BE54-9A1E7A4F7556}") = "DAL", "..\DAL\DAL.csproj", "{890402FF-F174-400C-9F98-03C6FC8FBD5B}"
EndProject
Project("{9A19103F-16F7-4668-BE54-9A1E7A4F7556}") = "Classes", "..\Classes\Classes.csproj", "{EC279C35-A821-44B4-80CE-46B29C4E4666}"
EndProject
Global
	GlobalSection(SolutionConfigurationPlatforms) = preSolution
		Debug|Any CPU = Debug|Any CPU
		Release|Any CPU = Release|Any CPU
	EndGlobalSection
	GlobalSection(ProjectConfigurationPlatforms) = postSolution
		{DA15929D-9980-4270-B652-441B14E48C2E}.Debug|Any CPU.ActiveCfg = Debug|Any CPU
		{DA15929D-9980-4270-B652-441B14E48C2E}.Debug|Any CPU.Build.0 = Debug|Any CPU
		{DA15929D-9980-4270-B652-441B14E48C2E}.Release|Any CPU.ActiveCfg = Release|Any CPU
		{DA15929D-9980-4270-B652-441B14E48C2E}.Release|Any CPU.Build.0 = Release|Any CPU
		{7A226B1D-4DCC-4FC4-9424-10D84316DB93}.Debug|Any CPU.ActiveCfg = Debug|Any CPU
		{7A226B1D-4DCC-4FC4-9424-10D84316DB93}.Debug|Any CPU.Build.0 = Debug|Any CPU
		{7A226B1D-4DCC-4FC4-9424-10D84316DB93}.Release|Any CPU.ActiveCfg = Release|Any CPU
		{7A226B1D-4DCC-4FC4-9424-10D84316DB93}.Release|Any CPU.Build.0 = Release|Any CPU
		{6E99814E-BDA5-4338-B6D2-4451C47633DD}.Debug|Any CPU.ActiveCfg = Debug|Any CPU
		{6E99814E-BDA5-4338-B6D2-4451C47633DD}.Debug|Any CPU.Build.0 = Debug|Any CPU
		{6E99814E-BDA5-4338-B6D2-4451C47633DD}.Release|Any CPU.ActiveCfg = Release|Any CPU
		{6E99814E-BDA5-4338-B6D2-4451C47633DD}.Release|Any CPU.Build.0 = Release|Any CPU
		{890402FF-F174-400C-9F98-03C6FC8FBD5B}.Debug|Any CPU.ActiveCfg = Debug|Any CPU
		{890402FF-F174-400C-9F98-03C6FC8FBD5B}.Debug|Any CPU.Build.0 = Debug|Any CPU
		{890402FF-F174-400C-9F98-03C6FC8FBD5B}.Release|Any CPU.ActiveCfg = Release|Any CPU
		{890402FF-F174-400C-9F98-03C6FC8FBD5B}.Release|Any CPU.Build.0 = Release|Any CPU
		{EC279C35-A821-44B4-80CE-46B29C4E4666}.Debug|Any CPU.ActiveCfg = Debug|Any CPU
		{EC279C35-A821-44B4-80CE-46B29C4E4666}.Debug|Any CPU.Build.0 = Debug|Any CPU
		{EC279C35-A821-44B4-80CE-46B29C4E4666}.Release|Any CPU.ActiveCfg = Release|Any CPU
		{EC279C35-A821-44B4-80CE-46B29C4E4666}.Release|Any CPU.Build.0 = Release|Any CPU
	EndGlobalSection
	GlobalSection(SolutionProperties) = preSolution
		HideSolutionNode = FALSE
	EndGlobalSection
	GlobalSection(ExtensibilityGlobals) = postSolution
		SolutionGuid = {48330E64-7729-480D-B7A6-4F09FD1EF100}
	EndGlobalSection
EndGlobal
